
Microsoft Visual Studio Solution File, Format Version 12.00
# Visual Studio Version 17
VisualStudioVersion = 17.5.33414.496
MinimumVisualStudioVersion = 10.0.40219.1
Project("{FAE04EC0-301F-11D3-BF4B-00C04F79EFBC}") = "WebApplication2api", "WebApplication2api.csproj", "{EBB3A356-A966-4EF2-8759-83873F6A7D42}"
EndProject
Global
	GlobalSection(SolutionConfigurationPlatforms) = preSolution
		Debug|Any CPU = Debug|Any CPU
		Release|Any CPU = Release|Any CPU
	EndGlobalSection
	GlobalSection(ProjectConfigurationPlatforms) = postSolution
		{EBB3A356-A966-4EF2-8759-83873F6A7D42}.Debug|Any CPU.ActiveCfg = Debug|Any CPU
		{EBB3A356-A966-4EF2-8759-83873F6A7D42}.Debug|Any CPU.Build.0 = Debug|Any CPU
		{EBB3A356-A966-4EF2-8759-83873F6A7D42}.Release|Any CPU.ActiveCfg = Release|Any CPU
		{EBB3A356-A966-4EF2-8759-83873F6A7D42}.Release|Any CPU.Build.0 = Release|Any CPU
	EndGlobalSection
	GlobalSection(SolutionProperties) = preSolution
		HideSolutionNode = FALSE
	EndGlobalSection
	GlobalSection(ExtensibilityGlobals) = postSolution
		SolutionGuid = {51A2E475-57F6-47A5-9469-D196EFE581F6}
	EndGlobalSection
EndGlobal
